
Microsoft Visual Studio Solution File, Format Version 12.00
# Visual Studio Version 17
VisualStudioVersion = 17.8.34511.84
MinimumVisualStudioVersion = 10.0.40219.1
Project("{FAE04EC0-301F-11D3-BF4B-00C04F79EFBC}") = "Hospital_WPF", "Hospital_WPF\Hospital_WPF.csproj", "{110DE493-9B03-4791-8AB0-A645A4358F98}"
EndProject
Global
	GlobalSection(SolutionConfigurationPlatforms) = preSolution
		Debug|Any CPU = Debug|Any CPU
		Release|Any CPU = Release|Any CPU
	EndGlobalSection
	GlobalSection(ProjectConfigurationPlatforms) = postSolution
		{110DE493-9B03-4791-8AB0-A645A4358F98}.Debug|Any CPU.ActiveCfg = Debug|Any CPU
		{110DE493-9B03-4791-8AB0-A645A4358F98}.Debug|Any CPU.Build.0 = Debug|Any CPU
		{110DE493-9B03-4791-8AB0-A645A4358F98}.Release|Any CPU.ActiveCfg = Release|Any CPU
		{110DE493-9B03-4791-8AB0-A645A4358F98}.Release|Any CPU.Build.0 = Release|Any CPU
	EndGlobalSection
	GlobalSection(SolutionProperties) = preSolution
		HideSolutionNode = FALSE
	EndGlobalSection
	GlobalSection(ExtensibilityGlobals) = postSolution
		SolutionGuid = {51D31EF3-3D01-4D7B-A91C-1F49710D97DA}
	EndGlobalSection
EndGlobal
